{
  "name": "design-jekyll-devkit-theme",
  "lockfileVersion": 3,
  "requires": true,
  "packages": {
    "": {
      "name": "design-jekyll-devkit-theme",
      "dependencies": {
        "@italia/dev-kit-italia": "1.0.0-alpha.6",
        "bootstrap-italia": "3.0.0-beta.0"
      }
    },
    "node_modules/@babel/runtime": {
      "version": "7.28.6",
      "resolved": "https://registry.npmjs.org/@babel/runtime/-/runtime-7.28.6.tgz",
      "integrity": "sha512-05WQkdpL9COIMz4LjTxGpPNCdlpyimKppYNoJ5Di5EUObifl8t4tuLuUBBZEpoLYOmfvIWrsp9fCl0HoPRVTdA==",
      "license": "MIT",
      "engines": {
        "node": ">=6.9.0"
      }
    },
    "node_modules/@floating-ui/core": {
      "version": "1.7.5",
      "resolved": "https://registry.npmjs.org/@floating-ui/core/-/core-1.7.5.tgz",
      "integrity": "sha512-1Ih4WTWyw0+lKyFMcBHGbb5U5FtuHJuujoyyr5zTaWS5EYMeT6Jb2AuDeftsCsEuchO+mM2ij5+q9crhydzLhQ==",
      "license": "MIT",
      "dependencies": {
        "@floating-ui/utils": "^0.2.11"
      }
    },
    "node_modules/@floating-ui/dom": {
      "version": "1.7.6",
      "resolved": "https://registry.npmjs.org/@floating-ui/dom/-/dom-1.7.6.tgz",
      "integrity": "sha512-9gZSAI5XM36880PPMm//9dfiEngYoC6Am2izES1FF406YFsjvyBMmeJ2g4SAju3xWwtuynNRFL2s9hgxpLI5SQ==",
      "license": "MIT",
      "dependencies": {
        "@floating-ui/core": "^1.7.5",
        "@floating-ui/utils": "^0.2.11"
      }
    },
    "node_modules/@floating-ui/utils": {
      "version": "0.2.11",
      "resolved": "https://registry.npmjs.org/@floating-ui/utils/-/utils-0.2.11.tgz",
      "integrity": "sha512-RiB/yIh78pcIxl6lLMG0CgBXAZ2Y0eVHqMPYugu+9U0AeT6YBeiJpf7lbdJNIugFP5SIjwNRgo4DhR1Qxi26Gg==",
      "license": "MIT"
    },
    "node_modules/@italia/accordion": {
      "version": "1.0.0-alpha.12",
      "resolved": "https://registry.npmjs.org/@italia/accordion/-/accordion-1.0.0-alpha.12.tgz",
      "integrity": "sha512-T0/YgUfmUqHXOahT8Rj3B7FHz+8E3uZ3dkkZL0Jk6lYFSVhTsR0I4v0PPEXkvgYUaN/iitXw/Vu6wYcSsLEjYg==",
      "license": "BSD-3-Clause",
      "dependencies": {
        "@italia/button": "^1.0.0-alpha.12",
        "@italia/collapse": "^1.0.0-alpha.12",
        "@italia/globals": "^1.0.0-alpha.12",
        "@italia/icon": "^1.0.0-alpha.12",
        "bootstrap-italia": "3.0.0-beta.0",
        "lit": "^3.3.0"
      },
      "peerDependencies": {
        "@italia/icon": "^1.0.0-alpha.12"
      }
    },
    "node_modules/@italia/autocomplete": {
      "version": "1.0.0-alpha.12",
      "resolved": "https://registry.npmjs.org/@italia/autocomplete/-/autocomplete-1.0.0-alpha.12.tgz",
      "integrity": "sha512-Uxvd0ExAjgX6wEdv9Q0eH5bJ8tKT7yMRuU3w6RVlqfAxN45uP0fjqfcjq2YODVR7g/UwBugvIiWJaLC7a/QTBg==",
      "license": "BSD-3-Clause",
      "dependencies": {
        "@italia/globals": "^1.0.0-alpha.12",
        "@italia/i18n": "^1.0.0-alpha.12",
        "bootstrap-italia": "3.0.0-beta.0",
        "lit": "^3.3.0"
      },
      "peerDependencies": {
        "@italia/icon": "^1.0.0-alpha.12"
      }
    },
    "node_modules/@italia/avatar": {
      "version": "1.0.0-alpha.12",
      "resolved": "https://registry.npmjs.org/@italia/avatar/-/avatar-1.0.0-alpha.12.tgz",
      "integrity": "sha512-DRtyjJsBC5rcFLs0kaQtlRX6gmZekZRG0JyFhpGy5YfTuo+A2hQ21FicsY+UZMUB8Q3KEmXR8CVxvxuSlSAJXQ==",
      "license": "BSD-3-Clause",
      "dependencies": {
        "@italia/globals": "^1.0.0-alpha.12",
        "@italia/i18n": "^1.0.0-alpha.12",
        "bootstrap-italia": "3.0.0-beta.0",
        "lit": "^3.3.0"
      },
      "peerDependencies": {
        "@italia/icon": "^1.0.0-alpha.12"
      }
    },
    "node_modules/@italia/back-to-top": {
      "version": "1.0.0-alpha.12",
      "resolved": "https://registry.npmjs.org/@italia/back-to-top/-/back-to-top-1.0.0-alpha.12.tgz",
      "integrity": "sha512-lcFm8SifZNntEDQASKHBDrSLzjP9LPaqXelyUBtom3p9BjiyM7Z9/x9jHeJ8MF5bogvCQErXn00kEugSNTrBNg==",
      "license": "BSD-3-Clause",
      "dependencies": {
        "@italia/globals": "^1.0.0-alpha.12",
        "bootstrap-italia": "3.0.0-beta.0",
        "lit": "^3.3.0"
      }
    },
    "node_modules/@italia/breadcrumbs": {
      "version": "1.0.0-alpha.12",
      "resolved": "https://registry.npmjs.org/@italia/breadcrumbs/-/breadcrumbs-1.0.0-alpha.12.tgz",
      "integrity": "sha512-dIHMjPb7GYvA9Ij/lU/sblTKu/5BFUebQDUORRMGKSxfiYLa4OAHE1sofv1fwEWIJ+50JNxLdjs7rW7kJEBqDA==",
      "license": "BSD-3-Clause",
      "dependencies": {
        "@italia/globals": "^1.0.0-alpha.12",
        "bootstrap-italia": "3.0.0-beta.0",
        "lit": "^3.3.0"
      }
    },
    "node_modules/@italia/button": {
      "version": "1.0.0-alpha.12",
      "resolved": "https://registry.npmjs.org/@italia/button/-/button-1.0.0-alpha.12.tgz",
      "integrity": "sha512-+0j3ZRKaLO8GPBJkqEQcSu/bPNKh3tUcdvgFEeZuR75utrodQLiVM17pZv4EMJgxFq8nPy3VPR4viD69o+gkFA==",
      "license": "BSD-3-Clause",
      "dependencies": {
        "@italia/globals": "^1.0.0-alpha.12",
        "bootstrap-italia": "3.0.0-beta.0",
        "lit": "^3.3.0"
      }
    },
    "node_modules/@italia/callout": {
      "version": "1.0.0-alpha.12",
      "resolved": "https://registry.npmjs.org/@italia/callout/-/callout-1.0.0-alpha.12.tgz",
      "integrity": "sha512-p85xpRUf5cZ/6pDnslMoeXb5+Gq+8yV/EB9qTCMEXtq/vMWmH6KjIPi4shqgpMneILg5yiH5euB59/UV3haahQ==",
      "license": "BSD-3-Clause",
      "dependencies": {
        "@italia/globals": "^1.0.0-alpha.12",
        "bootstrap-italia": "3.0.0-beta.0",
        "lit": "^3.3.0"
      },
      "peerDependencies": {
        "@italia/collapse": "^1.0.0-alpha.12"
      }
    },
    "node_modules/@italia/card": {
      "version": "1.0.0-alpha.12",
      "resolved": "https://registry.npmjs.org/@italia/card/-/card-1.0.0-alpha.12.tgz",
      "integrity": "sha512-zijF+iOlNLUBmdHoEy9bnmtNv3ab96XHfLy+9yj9ckyca/WQtgBl6HW0SfXD3CoDeAzmj6ebZeWrgxCl47DcHw==",
      "license": "BSD-3-Clause",
      "dependencies": {
        "@italia/globals": "^1.0.0-alpha.12",
        "bootstrap-italia": "3.0.0-beta.0",
        "lit": "^3.3.0"
      }
    },
    "node_modules/@italia/checkbox": {
      "version": "1.0.0-alpha.12",
      "resolved": "https://registry.npmjs.org/@italia/checkbox/-/checkbox-1.0.0-alpha.12.tgz",
      "integrity": "sha512-8Yrx5Bd3nfhUALwgTDIqbbCY2v7CYTXLQ6noZ/EIZq7GpYTUk6KY7wMtq9VidfznD4OYUJmZ28hZr1fHeht2HA==",
      "license": "BSD-3-Clause",
      "dependencies": {
        "@italia/globals": "^1.0.0-alpha.12",
        "@italia/i18n": "^1.0.0-alpha.12",
        "bootstrap-italia": "3.0.0-beta.0",
        "lit": "^3.3.0"
      }
    },
    "node_modules/@italia/chip": {
      "version": "1.0.0-alpha.12",
      "resolved": "https://registry.npmjs.org/@italia/chip/-/chip-1.0.0-alpha.12.tgz",
      "integrity": "sha512-cgRFpaOUW/Jgyw1/Po+9sC5y3xB4E2X6t7rkkQuhc0up0o/2Yey/wpMD01JtpF+EUF6jo27VY5Io9nHTZmtAqg==",
      "license": "BSD-3-Clause",
      "dependencies": {
        "@italia/globals": "^1.0.0-alpha.12",
        "bootstrap-italia": "3.0.0-beta.0",
        "lit": "^3.3.0"
      },
      "peerDependencies": {
        "@italia/avatar": "^1.0.0-alpha.12",
        "@italia/button": "^1.0.0-alpha.12",
        "@italia/icon": "^1.0.0-alpha.12"
      }
    },
    "node_modules/@italia/collapse": {
      "version": "1.0.0-alpha.12",
      "resolved": "https://registry.npmjs.org/@italia/collapse/-/collapse-1.0.0-alpha.12.tgz",
      "integrity": "sha512-p0VlhGrVOjcy4AUQyIZkvjNgJsQSGA4WjqYGLgswZpXde8z3bvo9pND9RIlqJUsWvaW0+mT1HcmjS3iz//ga7w==",
      "license": "BSD-3-Clause",
      "dependencies": {
        "@italia/globals": "^1.0.0-alpha.12",
        "bootstrap-italia": "3.0.0-beta.0",
        "lit": "^3.3.0"
      }
    },
    "node_modules/@italia/dev-kit-italia": {
      "version": "1.0.0-alpha.6",
      "resolved": "https://registry.npmjs.org/@italia/dev-kit-italia/-/dev-kit-italia-1.0.0-alpha.6.tgz",
      "integrity": "sha512-fa9C5hb34Xn/U+joaF55azy3lytja0XPqXgD8UeCG1czq6TJS2Q2XjBj9Kqh7sx3bWQVBn+s4S8LbPBTjg0PiQ==",
      "license": "BSD-3-Clause",
      "dependencies": {
        "@italia/accordion": "^1.0.0-alpha.6",
        "@italia/autocomplete": "^1.0.0-alpha.6",
        "@italia/avatar": "^1.0.0-alpha.6",
        "@italia/back-to-top": "^1.0.0-alpha.6",
        "@italia/breadcrumbs": "^1.0.0-alpha.6",
        "@italia/button": "^1.0.0-alpha.6",
        "@italia/callout": "^1.0.0-alpha.6",
        "@italia/card": "^1.0.0-alpha.6",
        "@italia/checkbox": "^1.0.0-alpha.6",
        "@italia/chip": "^1.0.0-alpha.6",
        "@italia/collapse": "^1.0.0-alpha.6",
        "@italia/dropdown": "^1.0.0-alpha.6",
        "@italia/hero": "^1.0.0-alpha.6",
        "@italia/i18n": "^1.0.0-alpha.6",
        "@italia/icon": "^1.0.0-alpha.6",
        "@italia/input": "^1.0.0-alpha.6",
        "@italia/modal": "^1.0.0-alpha.6",
        "@italia/navscroll": "^1.0.0-alpha.6",
        "@italia/pagination": "^1.0.0-alpha.6",
        "@italia/popover": "^1.0.0-alpha.6",
        "@italia/radio": "^1.0.0-alpha.6",
        "@italia/rating": "^1.0.0-alpha.6",
        "@italia/section": "^1.0.0-alpha.6",
        "@italia/select": "^1.0.0-alpha.6",
        "@italia/skiplinks": "^1.0.0-alpha.6",
        "@italia/sticky": "^1.0.0-alpha.6",
        "@italia/video": "^1.0.0-alpha.6"
      },
      "peerDependencies": {
        "lit": "^3.3.0"
      }
    },
    "node_modules/@italia/dropdown": {
      "version": "1.0.0-alpha.12",
      "resolved": "https://registry.npmjs.org/@italia/dropdown/-/dropdown-1.0.0-alpha.12.tgz",
      "integrity": "sha512-6B7vWA/Vy0zEYpsVaEBGUN5ZxnpCH8c05OixQrhIlwoMJpvSkwXtVnyUVwGGj4Iw/1OBZYlU3FH14ffdmXAajw==",
      "license": "BSD-3-Clause",
      "dependencies": {
        "@italia/globals": "^1.0.0-alpha.12",
        "bootstrap-italia": "3.0.0-beta.0",
        "lit": "^3.3.0"
      },
      "peerDependencies": {
        "@italia/button": "^1.0.0-alpha.12",
        "@italia/icon": "^1.0.0-alpha.12",
        "@italia/popover": "^1.0.0-alpha.12"
      }
    },
    "node_modules/@italia/globals": {
      "version": "1.0.0-alpha.12",
      "resolved": "https://registry.npmjs.org/@italia/globals/-/globals-1.0.0-alpha.12.tgz",
      "integrity": "sha512-sOJggi0QVKz2HcTOVTMM9YC+lcR5IgL1d5XUPfgmgeCrpEhVkEJX3zHdKA4D0baIoLa/rUaovk35u/Yji2E3gA==",
      "license": "BSD-3-Clause",
      "dependencies": {
        "@floating-ui/dom": "^1.7.1",
        "@italia/i18n": "^1.0.0-alpha.12",
        "clsx": "^2.1.1",
        "lit": "^3.3.0"
      }
    },
    "node_modules/@italia/hero": {
      "version": "1.0.0-alpha.12",
      "resolved": "https://registry.npmjs.org/@italia/hero/-/hero-1.0.0-alpha.12.tgz",
      "integrity": "sha512-er7WUr6Z4lV6kfNGFQdmL/Bw5yeRAyrikIKCdicS0WiA4Sf50OLGz1bLn+ixhfBZhxmxsYUaRP7MjXKMtVKELA==",
      "license": "BSD-3-Clause",
      "dependencies": {
        "@italia/globals": "^1.0.0-alpha.12",
        "bootstrap-italia": "3.0.0-beta.0",
        "lit": "^3.3.0"
      }
    },
    "node_modules/@italia/i18n": {
      "version": "1.0.0-alpha.12",
      "resolved": "https://registry.npmjs.org/@italia/i18n/-/i18n-1.0.0-alpha.12.tgz",
      "integrity": "sha512-Sn+FdbKh2sQJ+fhFRVIMInECfufjrBpJ/6zU11+qFV5jzRfj5ugdbCTaNqGR+sDy5ftSBjmNNN07yDyw9vF7cg==",
      "license": "BSD-3-Clause",
      "dependencies": {
        "lit": "^3.3.0"
      }
    },
    "node_modules/@italia/icon": {
      "version": "1.0.0-alpha.12",
      "resolved": "https://registry.npmjs.org/@italia/icon/-/icon-1.0.0-alpha.12.tgz",
      "integrity": "sha512-RWEtCNrfao4tIYT9rSGXc2NXMAci1lTFtF0xGBhpLV4atcvVocrdFzqKG8A3nffLytWIy2a5AtmwWY/Wx3Dcqw==",
      "license": "BSD-3-Clause",
      "dependencies": {
        "@italia/globals": "^1.0.0-alpha.12",
        "bootstrap-italia": "3.0.0-beta.0",
        "lit": "^3.3.0"
      }
    },
    "node_modules/@italia/input": {
      "version": "1.0.0-alpha.12",
      "resolved": "https://registry.npmjs.org/@italia/input/-/input-1.0.0-alpha.12.tgz",
      "integrity": "sha512-JsNASya8e/Iut7vb679nG+BPdj2t69PwhlQ/KfQisMH8cvd+1jOrlZ86G+VNphtX702kyi1JsClPQ5xi9LCSlA==",
      "license": "BSD-3-Clause",
      "dependencies": {
        "@italia/globals": "^1.0.0-alpha.12",
        "@italia/i18n": "^1.0.0-alpha.12",
        "bootstrap-italia": "3.0.0-beta.0",
        "lit": "^3.3.0"
      },
      "peerDependencies": {
        "@italia/icon": "^1.0.0-alpha.12"
      }
    },
    "node_modules/@italia/modal": {
      "version": "1.0.0-alpha.12",
      "resolved": "https://registry.npmjs.org/@italia/modal/-/modal-1.0.0-alpha.12.tgz",
      "integrity": "sha512-GFxffkVFaydfujuSJioEVGiAr6zI+5OfilRUqEbNWHkRwL7PYVyjH3Uaczn6vp2qBVjvYEBsNVgwN8vhUv8Gkg==",
      "license": "BSD-3-Clause",
      "dependencies": {
        "@italia/globals": "^1.0.0-alpha.12",
        "bootstrap-italia": "3.0.0-beta.0",
        "lit": "^3.3.0"
      },
      "peerDependencies": {
        "@italia/button": "^1.0.0-alpha.12",
        "@italia/icon": "^1.0.0-alpha.12"
      }
    },
    "node_modules/@italia/navscroll": {
      "version": "1.0.0-alpha.12",
      "resolved": "https://registry.npmjs.org/@italia/navscroll/-/navscroll-1.0.0-alpha.12.tgz",
      "integrity": "sha512-BhDMx5rh5zQK8z1PM8eENJMZnVTh5KgpJhwAqMvxRAitLKtao/OgXu7SnKGwxBGVgPyPSrnUOWMtcDQ2kikRtg==",
      "license": "BSD-3-Clause",
      "dependencies": {
        "@italia/globals": "^1.0.0-alpha.12",
        "bootstrap-italia": "3.0.0-beta.0",
        "lit": "^3.3.0"
      },
      "peerDependencies": {
        "@italia/button": "^1.0.0-alpha.12",
        "@italia/icon": "^1.0.0-alpha.12",
        "@italia/modal": "^1.0.0-alpha.12"
      }
    },
    "node_modules/@italia/pagination": {
      "version": "1.0.0-alpha.12",
      "resolved": "https://registry.npmjs.org/@italia/pagination/-/pagination-1.0.0-alpha.12.tgz",
      "integrity": "sha512-DE9AjgbqvFNNW7KNilWp03+aazk6p6b+kpp296C43VlwJf0GgmhMKCUoHYJ+paLFW6z/7Qcf24hUOnjaydbUbA==",
      "license": "BSD-3-Clause",
      "dependencies": {
        "@italia/globals": "^1.0.0-alpha.12",
        "bootstrap-italia": "3.0.0-beta.0",
        "lit": "^3.2.1"
      }
    },
    "node_modules/@italia/popover": {
      "version": "1.0.0-alpha.12",
      "resolved": "https://registry.npmjs.org/@italia/popover/-/popover-1.0.0-alpha.12.tgz",
      "integrity": "sha512-Wb0sTzsfYdtfzrc9ryK51ienkpWoJKfXTnHG5PvjMoO8HMdIhkcBq+zfcLRg5Tr7RZ0E/uUY86qmxKY1x0RG9g==",
      "license": "BSD-3-Clause",
      "dependencies": {
        "@floating-ui/dom": "^1.7.1",
        "@italia/globals": "^1.0.0-alpha.12",
        "bootstrap-italia": "3.0.0-beta.0",
        "lit": "^3.3.0"
      },
      "peerDependencies": {
        "@italia/button": "^1.0.0-alpha.12"
      }
    },
    "node_modules/@italia/radio": {
      "version": "1.0.0-alpha.12",
      "resolved": "https://registry.npmjs.org/@italia/radio/-/radio-1.0.0-alpha.12.tgz",
      "integrity": "sha512-FaUf7SjJFSt4yaoSuaDKAewF4jliJQmSpaaBdWSXYbmw0EwdPkZSGZqKzM9f1AS1ObD45oMnCR4fkftq1Rikaw==",
      "license": "BSD-3-Clause",
      "dependencies": {
        "@italia/globals": "^1.0.0-alpha.12",
        "bootstrap-italia": "3.0.0-beta.0",
        "lit": "^3.3.0"
      }
    },
    "node_modules/@italia/rating": {
      "version": "1.0.0-alpha.12",
      "resolved": "https://registry.npmjs.org/@italia/rating/-/rating-1.0.0-alpha.12.tgz",
      "integrity": "sha512-sb5TsLk5o63FKl+gmVb/ft50uQSk1soPQuJ+Wy5u9ILNETdtwMwtG/Ip+fiPiDNbzitxbNvZLaR/jouWug1Nvw==",
      "license": "BSD-3-Clause",
      "dependencies": {
        "@italia/globals": "^1.0.0-alpha.12",
        "@italia/i18n": "^1.0.0-alpha.12",
        "@italia/icon": "^1.0.0-alpha.12",
        "@italia/radio": "^1.0.0-alpha.12",
        "bootstrap-italia": "3.0.0-beta.0",
        "lit": "^3.3.0"
      }
    },
    "node_modules/@italia/section": {
      "version": "1.0.0-alpha.12",
      "resolved": "https://registry.npmjs.org/@italia/section/-/section-1.0.0-alpha.12.tgz",
      "integrity": "sha512-EztruhHmxb2oEyMPgQonTV8PzxC1udkc/0BmgMxgQHgPylGCK5QHL4YFhbxgoqvf/hYDJjK2nQA2CQfsfqZcCg==",
      "license": "BSD-3-Clause",
      "dependencies": {
        "@italia/globals": "^1.0.0-alpha.12",
        "bootstrap-italia": "3.0.0-beta.0",
        "lit": "^3.3.0"
      }
    },
    "node_modules/@italia/select": {
      "version": "1.0.0-alpha.12",
      "resolved": "https://registry.npmjs.org/@italia/select/-/select-1.0.0-alpha.12.tgz",
      "integrity": "sha512-qlAmN42ef/Zn/WaFmL7Ob1Qd14dER3hNJS+nFYd88lShRDb5eCrP+F/Guk/zPZzsvz7hGj0YhZCCxhUd1+PcVg==",
      "license": "BSD-3-Clause",
      "dependencies": {
        "@italia/globals": "^1.0.0-alpha.12",
        "@italia/i18n": "^1.0.0-alpha.12",
        "bootstrap-italia": "3.0.0-beta.0",
        "lit": "^3.3.0"
      },
      "peerDependencies": {
        "@italia/icon": "^1.0.0-alpha.12"
      }
    },
    "node_modules/@italia/skiplinks": {
      "version": "1.0.0-alpha.12",
      "resolved": "https://registry.npmjs.org/@italia/skiplinks/-/skiplinks-1.0.0-alpha.12.tgz",
      "integrity": "sha512-BAguhHKhQzYUb+k1Mz83uKbTQbMpXgwMD1G1E3/HOZbX3RMUDj4fMtuA8t8kvYrfqzkJehlSTjJwFZF4wXdRQQ==",
      "license": "BSD-3-Clause",
      "dependencies": {
        "@italia/globals": "^1.0.0-alpha.12",
        "bootstrap-italia": "3.0.0-beta.0",
        "lit": "^3.3.0"
      }
    },
    "node_modules/@italia/sticky": {
      "version": "1.0.0-alpha.12",
      "resolved": "https://registry.npmjs.org/@italia/sticky/-/sticky-1.0.0-alpha.12.tgz",
      "integrity": "sha512-ECoSw8QyebHUsZiZMyI0JjKLAiX9bfiFmLJgp0EpwBUJsGgZERA/o4Wu7DwH7PqbKtukH5GGJs74a8FAqgS4Hg==",
      "license": "BSD-3-Clause",
      "dependencies": {
        "@italia/globals": "^1.0.0-alpha.12",
        "bootstrap-italia": "3.0.0-beta.0",
        "lit": "^3.3.0"
      }
    },
    "node_modules/@italia/video": {
      "version": "1.0.0-alpha.12",
      "resolved": "https://registry.npmjs.org/@italia/video/-/video-1.0.0-alpha.12.tgz",
      "integrity": "sha512-Vl1D0oiXUOVmg4PcJTGSM+zVlOyY6+9GxIFn0Cn138J9oNaqtm7Vp3VcUxeP+IoEeO9TuD8SYmG87cR5BBbxJg==",
      "license": "BSD-3-Clause",
      "dependencies": {
        "@italia/globals": "^1.0.0-alpha.12",
        "@italia/i18n": "^1.0.0-alpha.12",
        "bootstrap-italia": "3.0.0-beta.0",
        "lit": "^3.3.0",
        "video.js": "^8.21.0",
        "videojs-font": "^4.2.0"
      },
      "peerDependencies": {
        "@italia/button": "^1.0.0-alpha.12",
        "@italia/checkbox": "^1.0.0-alpha.12",
        "@italia/icon": "^1.0.0-alpha.12"
      }
    },
    "node_modules/@lit-labs/ssr-dom-shim": {
      "version": "1.5.1",
      "resolved": "https://registry.npmjs.org/@lit-labs/ssr-dom-shim/-/ssr-dom-shim-1.5.1.tgz",
      "integrity": "sha512-Aou5UdlSpr5whQe8AA/bZG0jMj96CoJIWbGfZ91qieWu5AWUMKw8VR/pAkQkJYvBNhmCcWnZlyyk5oze8JIqYA==",
      "license": "BSD-3-Clause"
    },
    "node_modules/@lit/reactive-element": {
      "version": "2.1.2",
      "resolved": "https://registry.npmjs.org/@lit/reactive-element/-/reactive-element-2.1.2.tgz",
      "integrity": "sha512-pbCDiVMnne1lYUIaYNN5wrwQXDtHaYtg7YEFPeW+hws6U47WeFvISGUWekPGKWOP1ygrs0ef0o1VJMk1exos5A==",
      "license": "BSD-3-Clause",
      "dependencies": {
        "@lit-labs/ssr-dom-shim": "^1.5.0"
      }
    },
    "node_modules/@popperjs/core": {
      "version": "2.11.8",
      "resolved": "https://registry.npmjs.org/@popperjs/core/-/core-2.11.8.tgz",
      "integrity": "sha512-P1st0aksCrn9sGZhp8GMYwBnQsbvAWsZAX44oXNNvLHGqAOcoVxmjZiohstwQ7SqKnbR47akdNi+uleWD8+g6A==",
      "license": "MIT",
      "funding": {
        "type": "opencollective",
        "url": "https://opencollective.com/popperjs"
      }
    },
    "node_modules/@splidejs/splide": {
      "version": "4.1.4",
      "resolved": "https://registry.npmjs.org/@splidejs/splide/-/splide-4.1.4.tgz",
      "integrity": "sha512-5I30evTJcAJQXt6vJ26g2xEkG+l1nXcpEw4xpKh0/FWQ8ozmAeTbtniVtVmz2sH1Es3vgfC4SS8B2X4o5JMptA==",
      "license": "MIT"
    },
    "node_modules/@types/bootstrap": {
      "version": "5.2.10",
      "resolved": "https://registry.npmjs.org/@types/bootstrap/-/bootstrap-5.2.10.tgz",
      "integrity": "sha512-F2X+cd6551tep0MvVZ6nM8v7XgGN/twpdNDjqS1TUM7YFNEtQYWk+dKAnH+T1gr6QgCoGMPl487xw/9hXooa2g==",
      "license": "MIT",
      "dependencies": {
        "@popperjs/core": "^2.9.2"
      }
    },
    "node_modules/@types/trusted-types": {
      "version": "2.0.7",
      "resolved": "https://registry.npmjs.org/@types/trusted-types/-/trusted-types-2.0.7.tgz",
      "integrity": "sha512-ScaPdn1dQczgbl0QFTeTOmVHFULt394XJgOQNoyVhZ6r2vLnMLJfBPd53SB52T/3G36VI1/g2MZaX0cwDuXsfw==",
      "license": "MIT"
    },
    "node_modules/@videojs/http-streaming": {
      "version": "3.17.4",
      "resolved": "https://registry.npmjs.org/@videojs/http-streaming/-/http-streaming-3.17.4.tgz",
      "integrity": "sha512-XAvdG2dolBuV2Fx8bu1kjmQ2D4TonGzZH68Pgv/O9xMSFWdZtITSMFismeQLEAtMmGwze8qNJp3RgV+jStrJqg==",
      "license": "Apache-2.0",
      "dependencies": {
        "@babel/runtime": "^7.12.5",
        "@videojs/vhs-utils": "^4.1.1",
        "aes-decrypter": "^4.0.2",
        "global": "^4.4.0",
        "m3u8-parser": "^7.2.0",
        "mpd-parser": "^1.3.1",
        "mux.js": "7.1.0",
        "video.js": "^7 || ^8"
      },
      "engines": {
        "node": ">=8",
        "npm": ">=5"
      },
      "peerDependencies": {
        "video.js": "^8.19.0"
      }
    },
    "node_modules/@videojs/vhs-utils": {
      "version": "4.1.1",
      "resolved": "https://registry.npmjs.org/@videojs/vhs-utils/-/vhs-utils-4.1.1.tgz",
      "integrity": "sha512-5iLX6sR2ownbv4Mtejw6Ax+naosGvoT9kY+gcuHzANyUZZ+4NpeNdKMUhb6ag0acYej1Y7cmr/F2+4PrggMiVA==",
      "license": "MIT",
      "dependencies": {
        "@babel/runtime": "^7.12.5",
        "global": "^4.4.0"
      },
      "engines": {
        "node": ">=8",
        "npm": ">=5"
      }
    },
    "node_modules/@videojs/xhr": {
      "version": "2.7.0",
      "resolved": "https://registry.npmjs.org/@videojs/xhr/-/xhr-2.7.0.tgz",
      "integrity": "sha512-giab+EVRanChIupZK7gXjHy90y3nncA2phIOyG3Ne5fvpiMJzvqYwiTOnEVW2S4CoYcuKJkomat7bMXA/UoUZQ==",
      "license": "MIT",
      "dependencies": {
        "@babel/runtime": "^7.5.5",
        "global": "~4.4.0",
        "is-function": "^1.0.1"
      }
    },
    "node_modules/@xmldom/xmldom": {
      "version": "0.8.13",
      "resolved": "https://registry.npmjs.org/@xmldom/xmldom/-/xmldom-0.8.13.tgz",
      "integrity": "sha512-KRYzxepc14G/CEpEGc3Yn+JKaAeT63smlDr+vjB8jRfgTBBI9wRj/nkQEO+ucV8p8I9bfKLWp37uHgFrbntPvw==",
      "license": "MIT",
      "engines": {
        "node": ">=10.0.0"
      }
    },
    "node_modules/aes-decrypter": {
      "version": "4.0.2",
      "resolved": "https://registry.npmjs.org/aes-decrypter/-/aes-decrypter-4.0.2.tgz",
      "integrity": "sha512-lc+/9s6iJvuaRe5qDlMTpCFjnwpkeOXp8qP3oiZ5jsj1MRg+SBVUmmICrhxHvc8OELSmc+fEyyxAuppY6hrWzw==",
      "license": "Apache-2.0",
      "dependencies": {
        "@babel/runtime": "^7.12.5",
        "@videojs/vhs-utils": "^4.1.1",
        "global": "^4.4.0",
        "pkcs7": "^1.0.4"
      }
    },
    "node_modules/animejs": {
      "version": "3.2.2",
      "resolved": "https://registry.npmjs.org/animejs/-/animejs-3.2.2.tgz",
      "integrity": "sha512-Ao95qWLpDPXXM+WrmwcKbl6uNlC5tjnowlaRYtuVDHHoygjtIPfDUoK9NthrlZsQSKjZXlmji2TrBUAVbiH0LQ==",
      "license": "MIT"
    },
    "node_modules/bootstrap-italia": {
      "version": "3.0.0-beta.0",
      "resolved": "https://registry.npmjs.org/bootstrap-italia/-/bootstrap-italia-3.0.0-beta.0.tgz",
      "integrity": "sha512-6n2n1tIDCMFjLmY0gvXSQ2hoMMMFw6or6euJlB/UHsoyvwHAiuKq7vC03k8kRi0m7hL9HW5FsuW+zvj8tOOptw==",
      "license": "BSD-3-Clause",
      "dependencies": {
        "@popperjs/core": "^2.11.6",
        "@splidejs/splide": "^4.1.4",
        "@types/bootstrap": "^5.2.6",
        "animejs": "^3.2.1",
        "design-tokens-italia": "^1.3.3",
        "just-validate": "^4.3.0",
        "minimasonry": "^1.3.2",
        "progressbar.js": "^1.1.0",
        "uuid": "^14.0.0",
        "video.js": "^8.21.0"
      }
    },
    "node_modules/bootstrap-italia/node_modules/uuid": {
      "version": "14.0.0",
      "resolved": "https://registry.npmjs.org/uuid/-/uuid-14.0.0.tgz",
      "integrity": "sha512-Qo+uWgilfSmAhXCMav1uYFynlQO7fMFiMVZsQqZRMIXp0O7rR7qjkj+cPvBHLgBqi960QCoo/PH2/6ZtVqKvrg==",
      "funding": [
        "https://github.com/sponsors/broofa",
        "https://github.com/sponsors/ctavan"
      ],
      "license": "MIT",
      "bin": {
        "uuid": "dist-node/bin/uuid"
      }
    },
    "node_modules/clsx": {
      "version": "2.1.1",
      "resolved": "https://registry.npmjs.org/clsx/-/clsx-2.1.1.tgz",
      "integrity": "sha512-eYm0QWBtUrBWZWG0d386OGAw16Z995PiOVo2B7bjWSbHedGl5e0ZWaq65kOGgUSNesEIDkB9ISbTg/JK9dhCZA==",
      "license": "MIT",
      "engines": {
        "node": ">=6"
      }
    },
    "node_modules/design-tokens-italia": {
      "version": "1.3.3",
      "resolved": "https://registry.npmjs.org/design-tokens-italia/-/design-tokens-italia-1.3.3.tgz",
      "integrity": "sha512-9vdoT91ln2H/mppLO1LkTD9q18YPbT+BX9seJxzAC8r7gPlDRmbPJwsmt8dqXnULaH8Lqkp1KEdL8HW3Ah6K6A==",
      "license": "BSD-3-Clause"
    },
    "node_modules/dom-walk": {
      "version": "0.1.2",
      "resolved": "https://registry.npmjs.org/dom-walk/-/dom-walk-0.1.2.tgz",
      "integrity": "sha512-6QvTW9mrGeIegrFXdtQi9pk7O/nSK6lSdXW2eqUspN5LWD7UTji2Fqw5V2YLjBpHEoU9Xl/eUWNpDeZvoyOv2w=="
    },
    "node_modules/fsevents": {
      "version": "2.3.3",
      "resolved": "https://registry.npmjs.org/fsevents/-/fsevents-2.3.3.tgz",
      "integrity": "sha512-5xoDfX+fL7faATnagmWPpbFtwh/R77WmMMqqHGS65C3vvB0YHrgF+B1YmZ3441tMj5n63k0212XNoJwzlhffQw==",
      "hasInstallScript": true,
      "license": "MIT",
      "optional": true,
      "os": [
        "darwin"
      ],
      "engines": {
        "node": "^8.16.0 || ^10.6.0 || >=11.0.0"
      }
    },
    "node_modules/global": {
      "version": "4.4.0",
      "resolved": "https://registry.npmjs.org/global/-/global-4.4.0.tgz",
      "integrity": "sha512-wv/LAoHdRE3BeTGz53FAamhGlPLhlssK45usmGFThIi4XqnBmjKQ16u+RNbP7WvigRZDxUsM0J3gcQ5yicaL0w==",
      "license": "MIT",
      "dependencies": {
        "min-document": "^2.19.0",
        "process": "^0.11.10"
      }
    },
    "node_modules/is-function": {
      "version": "1.0.2",
      "resolved": "https://registry.npmjs.org/is-function/-/is-function-1.0.2.tgz",
      "integrity": "sha512-lw7DUp0aWXYg+CBCN+JKkcE0Q2RayZnSvnZBlwgxHBQhqt5pZNVy4Ri7H9GmmXkdu7LUthszM+Tor1u/2iBcpQ==",
      "license": "MIT"
    },
    "node_modules/just-validate": {
      "version": "4.3.0",
      "resolved": "https://registry.npmjs.org/just-validate/-/just-validate-4.3.0.tgz",
      "integrity": "sha512-9yS7ZnFk95vq+O7CAa7XZEJvZN5i6jTQWNhLwOjtgkSqiLxo7GZJhK8ViylP76fXPfHLs8tYWqi81XgxPF3OGA==",
      "license": "MIT"
    },
    "node_modules/lit": {
      "version": "3.3.2",
      "resolved": "https://registry.npmjs.org/lit/-/lit-3.3.2.tgz",
      "integrity": "sha512-NF9zbsP79l4ao2SNrH3NkfmFgN/hBYSQo90saIVI1o5GpjAdCPVstVzO1MrLOakHoEhYkrtRjPK6Ob521aoYWQ==",
      "license": "BSD-3-Clause",
      "dependencies": {
        "@lit/reactive-element": "^2.1.0",
        "lit-element": "^4.2.0",
        "lit-html": "^3.3.0"
      }
    },
    "node_modules/lit-element": {
      "version": "4.2.2",
      "resolved": "https://registry.npmjs.org/lit-element/-/lit-element-4.2.2.tgz",
      "integrity": "sha512-aFKhNToWxoyhkNDmWZwEva2SlQia+jfG0fjIWV//YeTaWrVnOxD89dPKfigCUspXFmjzOEUQpOkejH5Ly6sG0w==",
      "license": "BSD-3-Clause",
      "dependencies": {
        "@lit-labs/ssr-dom-shim": "^1.5.0",
        "@lit/reactive-element": "^2.1.0",
        "lit-html": "^3.3.0"
      }
    },
    "node_modules/lit-html": {
      "version": "3.3.2",
      "resolved": "https://registry.npmjs.org/lit-html/-/lit-html-3.3.2.tgz",
      "integrity": "sha512-Qy9hU88zcmaxBXcc10ZpdK7cOLXvXpRoBxERdtqV9QOrfpMZZ6pSYP91LhpPtap3sFMUiL7Tw2RImbe0Al2/kw==",
      "license": "BSD-3-Clause",
      "dependencies": {
        "@types/trusted-types": "^2.0.2"
      }
    },
    "node_modules/lodash.merge": {
      "version": "4.6.2",
      "resolved": "https://registry.npmjs.org/lodash.merge/-/lodash.merge-4.6.2.tgz",
      "integrity": "sha512-0KpjqXRVvrYyCsX1swR/XTK0va6VQkQM6MNo7PqW77ByjAhoARA8EfrP1N4+KlKj8YS0ZUCtRT/YUuhyYDujIQ==",
      "license": "MIT"
    },
    "node_modules/m3u8-parser": {
      "version": "7.2.0",
      "resolved": "https://registry.npmjs.org/m3u8-parser/-/m3u8-parser-7.2.0.tgz",
      "integrity": "sha512-CRatFqpjVtMiMaKXxNvuI3I++vUumIXVVT/JpCpdU/FynV/ceVw1qpPyyBNindL+JlPMSesx+WX1QJaZEJSaMQ==",
      "license": "Apache-2.0",
      "dependencies": {
        "@babel/runtime": "^7.12.5",
        "@videojs/vhs-utils": "^4.1.1",
        "global": "^4.4.0"
      }
    },
    "node_modules/min-document": {
      "version": "2.19.2",
      "resolved": "https://registry.npmjs.org/min-document/-/min-document-2.19.2.tgz",
      "integrity": "sha512-8S5I8db/uZN8r9HSLFVWPdJCvYOejMcEC82VIzNUc6Zkklf/d1gg2psfE79/vyhWOj4+J8MtwmoOz3TmvaGu5A==",
      "license": "MIT",
      "dependencies": {
        "dom-walk": "^0.1.0"
      }
    },
    "node_modules/minimasonry": {
      "version": "1.3.2",
      "resolved": "https://registry.npmjs.org/minimasonry/-/minimasonry-1.3.2.tgz",
      "integrity": "sha512-ygvf5JIR4NT1LbM6o8z1oz1icTkta72gXKwidvSqIVxuzVd/P21UI0Wbq1J+MStAu50Vvr8qWYNSz1W4uycqMQ==",
      "license": "MIT"
    },
    "node_modules/mpd-parser": {
      "version": "1.3.1",
      "resolved": "https://registry.npmjs.org/mpd-parser/-/mpd-parser-1.3.1.tgz",
      "integrity": "sha512-1FuyEWI5k2HcmhS1HkKnUAQV7yFPfXPht2DnRRGtoiiAAW+ESTbtEXIDpRkwdU+XyrQuwrIym7UkoPKsZ0SyFw==",
      "license": "Apache-2.0",
      "dependencies": {
        "@babel/runtime": "^7.12.5",
        "@videojs/vhs-utils": "^4.0.0",
        "@xmldom/xmldom": "^0.8.3",
        "global": "^4.4.0"
      },
      "bin": {
        "mpd-to-m3u8-json": "bin/parse.js"
      }
    },
    "node_modules/mux.js": {
      "version": "7.1.0",
      "resolved": "https://registry.npmjs.org/mux.js/-/mux.js-7.1.0.tgz",
      "integrity": "sha512-NTxawK/BBELJrYsZThEulyUMDVlLizKdxyAsMuzoCD1eFj97BVaA8D/CvKsKu6FOLYkFojN5CbM9h++ZTZtknA==",
      "license": "Apache-2.0",
      "dependencies": {
        "@babel/runtime": "^7.11.2",
        "global": "^4.4.0"
      },
      "bin": {
        "muxjs-transmux": "bin/transmux.js"
      },
      "engines": {
        "node": ">=8",
        "npm": ">=5"
      }
    },
    "node_modules/pkcs7": {
      "version": "1.0.4",
      "resolved": "https://registry.npmjs.org/pkcs7/-/pkcs7-1.0.4.tgz",
      "integrity": "sha512-afRERtHn54AlwaF2/+LFszyAANTCggGilmcmILUzEjvs3XgFZT+xE6+QWQcAGmu4xajy+Xtj7acLOPdx5/eXWQ==",
      "license": "Apache-2.0",
      "dependencies": {
        "@babel/runtime": "^7.5.5"
      },
      "bin": {
        "pkcs7": "bin/cli.js"
      }
    },
    "node_modules/process": {
      "version": "0.11.10",
      "resolved": "https://registry.npmjs.org/process/-/process-0.11.10.tgz",
      "integrity": "sha512-cdGef/drWFoydD1JsMzuFf8100nZl+GT+yacc2bEced5f9Rjk4z+WtFUTBu9PhOi9j/jfmBPu0mMEY4wIdAF8A==",
      "license": "MIT",
      "engines": {
        "node": ">= 0.6.0"
      }
    },
    "node_modules/progressbar.js": {
      "version": "1.1.1",
      "resolved": "https://registry.npmjs.org/progressbar.js/-/progressbar.js-1.1.1.tgz",
      "integrity": "sha512-FBsw3BKsUbb+hNeYfiP3xzvAAQrPi4DnGDw66bCmfuRCDLcslxyxv2GyYUdBSKFGSIBa73CUP5WMcl6F8AAXlw==",
      "license": "MIT",
      "dependencies": {
        "lodash.merge": "^4.6.2",
        "shifty": "^2.8.3"
      }
    },
    "node_modules/shifty": {
      "version": "2.20.4",
      "resolved": "https://registry.npmjs.org/shifty/-/shifty-2.20.4.tgz",
      "integrity": "sha512-4Y0qRkg8ME5XN8yGNAwmFOmsIURGFKT9UQfNL6DDJQErYtN5HsjyoBuJn41ZQfTkuu2rIbRMn9qazjKsDpO2TA==",
      "license": "MIT",
      "optionalDependencies": {
        "fsevents": "^2.3.2"
      }
    },
    "node_modules/video.js": {
      "version": "8.23.7",
      "resolved": "https://registry.npmjs.org/video.js/-/video.js-8.23.7.tgz",
      "integrity": "sha512-cG4HOygYt+Z8j6Sf5DuK6OgEOoM+g9oGP6vpqoZRaD13aHE4PMITbyjJUXZcIQbgB0wJEadBRaVm5lJIzo2jAA==",
      "license": "Apache-2.0",
      "dependencies": {
        "@babel/runtime": "^7.28.4",
        "@videojs/http-streaming": "^3.17.3",
        "@videojs/vhs-utils": "^4.1.1",
        "@videojs/xhr": "2.7.0",
        "aes-decrypter": "^4.0.2",
        "global": "4.4.0",
        "m3u8-parser": "^7.2.0",
        "mpd-parser": "^1.3.1",
        "mux.js": "^7.0.1",
        "videojs-contrib-quality-levels": "4.1.0",
        "videojs-font": "4.2.0",
        "videojs-vtt.js": "0.15.5"
      }
    },
    "node_modules/videojs-contrib-quality-levels": {
      "version": "4.1.0",
      "resolved": "https://registry.npmjs.org/videojs-contrib-quality-levels/-/videojs-contrib-quality-levels-4.1.0.tgz",
      "integrity": "sha512-TfrXJJg1Bv4t6TOCMEVMwF/CoS8iENYsWNKip8zfhB5kTcegiFYezEA0eHAJPU64ZC8NQbxQgOwAsYU8VXbOWA==",
      "license": "Apache-2.0",
      "dependencies": {
        "global": "^4.4.0"
      },
      "engines": {
        "node": ">=16",
        "npm": ">=8"
      },
      "peerDependencies": {
        "video.js": "^8"
      }
    },
    "node_modules/videojs-font": {
      "version": "4.2.0",
      "resolved": "https://registry.npmjs.org/videojs-font/-/videojs-font-4.2.0.tgz",
      "integrity": "sha512-YPq+wiKoGy2/M7ccjmlvwi58z2xsykkkfNMyIg4xb7EZQQNwB71hcSsB3o75CqQV7/y5lXkXhI/rsGAS7jfEmQ==",
      "license": "Apache-2.0"
    },
    "node_modules/videojs-vtt.js": {
      "version": "0.15.5",
      "resolved": "https://registry.npmjs.org/videojs-vtt.js/-/videojs-vtt.js-0.15.5.tgz",
      "integrity": "sha512-yZbBxvA7QMYn15Lr/ZfhhLPrNpI/RmCSCqgIff57GC2gIrV5YfyzLfLyZMj0NnZSAz8syB4N0nHXpZg9MyrMOQ==",
      "license": "Apache-2.0",
      "dependencies": {
        "global": "^4.3.1"
      }
    }
  }
}
